// !$*UTF8*$!
{
	archiveVersion = 1;
	classes = {
	};
	objectVersion = 56;
	objects = {

/* Begin PBXBuildFile section */
		113CD98B2AF93ACB009C24CC /* Chapter.swift in Sources */ = {isa = PBXBuildFile; fileRef = 113CD98A2AF93ACB009C24CC /* Chapter.swift */; };
		113CD98D2AF93AD7009C24CC /* DataBase.swift in Sources */ = {isa = PBXBuildFile; fileRef = 113CD98C2AF93AD7009C24CC /* DataBase.swift */; };
		113CD9912AF94079009C24CC /* ContentView.swift in Sources */ = {isa = PBXBuildFile; fileRef = 113CD9902AF94079009C24CC /* ContentView.swift */; };
		113CD9952AFA4439009C24CC /* CellView.swift in Sources */ = {isa = PBXBuildFile; fileRef = 113CD9942AFA4439009C24CC /* CellView.swift */; };
		113CD9972AFA44FA009C24CC /* InspectionViewModel.swift in Sources */ = {isa = PBXBuildFile; fileRef = 113CD9962AFA44FA009C24CC /* InspectionViewModel.swift */; };
		113CD99E2AFBCDE1009C24CC /* SubSectionView.swift in Sources */ = {isa = PBXBuildFile; fileRef = 113CD99D2AFBCDE1009C24CC /* SubSectionView.swift */; };
		113CD9A02AFBCE0D009C24CC /* SectionView.swift in Sources */ = {isa = PBXBuildFile; fileRef = 113CD99F2AFBCE0D009C24CC /* SectionView.swift */; };
		113CD9A22AFBCE25009C24CC /* FavoriteView.swift in Sources */ = {isa = PBXBuildFile; fileRef = 113CD9A12AFBCE25009C24CC /* FavoriteView.swift */; };
		113CD9A42AFBCEB1009C24CC /* ChapterMainView.swift in Sources */ = {isa = PBXBuildFile; fileRef = 113CD9A32AFBCEB1009C24CC /* ChapterMainView.swift */; };
		116A22752AF9340300439668 /* CrimeFilesAppApp.swift in Sources */ = {isa = PBXBuildFile; fileRef = 116A22742AF9340300439668 /* CrimeFilesAppApp.swift */; };
		116A22772AF9340300439668 /* MainView.swift in Sources */ = {isa = PBXBuildFile; fileRef = 116A22762AF9340300439668 /* MainView.swift */; };
		116A22792AF9340400439668 /* Assets.xcassets in Resources */ = {isa = PBXBuildFile; fileRef = 116A22782AF9340400439668 /* Assets.xcassets */; };
		116A227C2AF9340400439668 /* Preview Assets.xcassets in Resources */ = {isa = PBXBuildFile; fileRef = 116A227B2AF9340400439668 /* Preview Assets.xcassets */; };
/* End PBXBuildFile section */

/* Begin PBXFileReference section */
		113CD98A2AF93ACB009C24CC /* Chapter.swift */ = {isa = PBXFileReference; lastKnownFileType = sourcecode.swift; path = Chapter.swift; sourceTree = "<group>"; };
		113CD98C2AF93AD7009C24CC /* DataBase.swift */ = {isa = PBXFileReference; lastKnownFileType = sourcecode.swift; path = DataBase.swift; sourceTree = "<group>"; };
		113CD9902AF94079009C24CC /* ContentView.swift */ = {isa = PBXFileReference; lastKnownFileType = sourcecode.swift; path = ContentView.swift; sourceTree = "<group>"; };
		113CD9942AFA4439009C24CC /* CellView.swift */ = {isa = PBXFileReference; lastKnownFileType = sourcecode.swift; path = CellView.swift; sourceTree = "<group>"; };
		113CD9962AFA44FA009C24CC /* InspectionViewModel.swift */ = {isa = PBXFileReference; lastKnownFileType = sourcecode.swift; path = InspectionViewModel.swift; sourceTree = "<group>"; };
		113CD99D2AFBCDE1009C24CC /* SubSectionView.swift */ = {isa = PBXFileReference; lastKnownFileType = sourcecode.swift; path = SubSectionView.swift; sourceTree = "<group>"; };
		113CD99F2AFBCE0D009C24CC /* SectionView.swift */ = {isa = PBXFileReference; lastKnownFileType = sourcecode.swift; path = SectionView.swift; sourceTree = "<group>"; };
		113CD9A12AFBCE25009C24CC /* FavoriteView.swift */ = {isa = PBXFileReference; lastKnownFileType = sourcecode.swift; path = FavoriteView.swift; sourceTree = "<group>"; };
		113CD9A32AFBCEB1009C24CC /* ChapterMainView.swift */ = {isa = PBXFileReference; lastKnownFileType = sourcecode.swift; path = ChapterMainView.swift; sourceTree = "<group>"; };
		116A22712AF9340300439668 /* CrimeFilesApp.app */ = {isa = PBXFileReference; explicitFileType = wrapper.application; includeInIndex = 0; path = CrimeFilesApp.app; sourceTree = BUILT_PRODUCTS_DIR; };
		116A22742AF9340300439668 /* CrimeFilesAppApp.swift */ = {isa = PBXFileReference; lastKnownFileType = sourcecode.swift; path = CrimeFilesAppApp.swift; sourceTree = "<group>"; };
		116A22762AF9340300439668 /* MainView.swift */ = {isa = PBXFileReference; lastKnownFileType = sourcecode.swift; path = MainView.swift; sourceTree = "<group>"; };
		116A22782AF9340400439668 /* Assets.xcassets */ = {isa = PBXFileReference; lastKnownFileType = folder.assetcatalog; path = Assets.xcassets; sourceTree = "<group>"; };
		116A227B2AF9340400439668 /* Preview Assets.xcassets */ = {isa = PBXFileReference; lastKnownFileType = folder.assetcatalog; path = "Preview Assets.xcassets"; sourceTree = "<group>"; };
/* End PBXFileReference section */

/* Begin PBXFrameworksBuildPhase section */
		116A226E2AF9340300439668 /* Frameworks */ = {
			isa = PBXFrameworksBuildPhase;
			buildActionMask = 2147483647;
			files = (
			);
			runOnlyForDeploymentPostprocessing = 0;
		};
/* End PBXFrameworksBuildPhase section */

/* Begin PBXGroup section */
		113CD98E2AF93B0B009C24CC /* Models */ = {
			isa = PBXGroup;
			children = (
				113CD98A2AF93ACB009C24CC /* Chapter.swift */,
			);
			path = Models;
			sourceTree = "<group>";
		};
		113CD98F2AF93B1B009C24CC /* Services */ = {
			isa = PBXGroup;
			children = (
				113CD98C2AF93AD7009C24CC /* DataBase.swift */,
			);
			path = Services;
			sourceTree = "<group>";
		};
		113CD9982AFA4506009C24CC /* ViewModels */ = {
			isa = PBXGroup;
			children = (
				113CD9962AFA44FA009C24CC /* InspectionViewModel.swift */,
			);
			path = ViewModels;
			sourceTree = "<group>";
		};
		116A22682AF9340300439668 = {
			isa = PBXGroup;
			children = (
				116A22732AF9340300439668 /* CrimeFilesApp */,
				116A22722AF9340300439668 /* Products */,
			);
			sourceTree = "<group>";
		};
		116A22722AF9340300439668 /* Products */ = {
			isa = PBXGroup;
			children = (
				116A22712AF9340300439668 /* CrimeFilesApp.app */,
			);
			name = Products;
			sourceTree = "<group>";
		};
		116A22732AF9340300439668 /* CrimeFilesApp */ = {
			isa = PBXGroup;
			children = (
				116A22742AF9340300439668 /* CrimeFilesAppApp.swift */,
				116A22762AF9340300439668 /* MainView.swift */,
				113CD9A32AFBCEB1009C24CC /* ChapterMainView.swift */,
				113CD99F2AFBCE0D009C24CC /* SectionView.swift */,
				113CD9902AF94079009C24CC /* ContentView.swift */,
				113CD99D2AFBCDE1009C24CC /* SubSectionView.swift */,
				113CD9A12AFBCE25009C24CC /* FavoriteView.swift */,
				113CD9942AFA4439009C24CC /* CellView.swift */,
				113CD9982AFA4506009C24CC /* ViewModels */,
				113CD98E2AF93B0B009C24CC /* Models */,
				113CD98F2AF93B1B009C24CC /* Services */,
				116A22782AF9340400439668 /* Assets.xcassets */,
				116A227A2AF9340400439668 /* Preview Content */,
			);
			path = CrimeFilesApp;
			sourceTree = "<group>";
		};
		116A227A2AF9340400439668 /* Preview Content */ = {
			isa = PBXGroup;
			children = (
				116A227B2AF9340400439668 /* Preview Assets.xcassets */,
			);
			path = "Preview Content";
			sourceTree = "<group>";
		};
/* End PBXGroup section */

/* Begin PBXNativeTarget section */
		116A22702AF9340300439668 /* CrimeFilesApp */ = {
			isa = PBXNativeTarget;
			buildConfigurationList = 116A227F2AF9340400439668 /* Build configuration list for PBXNativeTarget "CrimeFilesApp" */;
			buildPhases = (
				116A226D2AF9340300439668 /* Sources */,
				116A226E2AF9340300439668 /* Frameworks */,
				116A226F2AF9340300439668 /* Resources */,
			);
			buildRules = (
			);
			dependencies = (
			);
			name = CrimeFilesApp;
			productName = CrimeFilesApp;
			productReference = 116A22712AF9340300439668 /* CrimeFilesApp.app */;
			productType = "com.apple.product-type.application";
		};
/* End PBXNativeTarget section */

/* Begin PBXProject section */
		116A22692AF9340300439668 /* Project object */ = {
			isa = PBXProject;
			attributes = {
				BuildIndependentTargetsInParallel = 1;
				LastSwiftUpdateCheck = 1500;
				LastUpgradeCheck = 1500;
				TargetAttributes = {
					116A22702AF9340300439668 = {
						CreatedOnToolsVersion = 15.0.1;
					};
				};
			};
			buildConfigurationList = 116A226C2AF9340300439668 /* Build configuration list for PBXProject "CrimeFilesApp" */;
			compatibilityVersion = "Xcode 14.0";
			developmentRegion = en;
			hasScannedForEncodings = 0;
			knownRegions = (
				en,
				Base,
			);
			mainGroup = 116A22682AF9340300439668;
			productRefGroup = 116A22722AF9340300439668 /* Products */;
			projectDirPath = "";
			projectRoot = "";
			targets = (
				116A22702AF9340300439668 /* CrimeFilesApp */,
			);
		};
/* End PBXProject section */

/* Begin PBXResourcesBuildPhase section */
		116A226F2AF9340300439668 /* Resources */ = {
			isa = PBXResourcesBuildPhase;
			buildActionMask = 2147483647;
			files = (
				116A227C2AF9340400439668 /* Preview Assets.xcassets in Resources */,
				116A22792AF9340400439668 /* Assets.xcassets in Resources */,
			);
			runOnlyForDeploymentPostprocessing = 0;
		};
/* End PBXResourcesBuildPhase section */

/* Begin PBXSourcesBuildPhase section */
		116A226D2AF9340300439668 /* Sources */ = {
			isa = PBXSourcesBuildPhase;
			buildActionMask = 2147483647;
			files = (
				113CD9A42AFBCEB1009C24CC /* ChapterMainView.swift in Sources */,
				116A22772AF9340300439668 /* MainView.swift in Sources */,
				113CD99E2AFBCDE1009C24CC /* SubSectionView.swift in Sources */,
				113CD9A02AFBCE0D009C24CC /* SectionView.swift in Sources */,
				113CD98B2AF93ACB009C24CC /* Chapter.swift in Sources */,
				113CD98D2AF93AD7009C24CC /* DataBase.swift in Sources */,
				113CD9972AFA44FA009C24CC /* InspectionViewModel.swift in Sources */,
				116A22752AF9340300439668 /* CrimeFilesAppApp.swift in Sources */,
				113CD9912AF94079009C24CC /* ContentView.swift in Sources */,
				113CD9A22AFBCE25009C24CC /* FavoriteView.swift in Sources */,
				113CD9952AFA4439009C24CC /* CellView.swift in Sources */,
			);
			runOnlyForDeploymentPostprocessing = 0;
		};
/* End PBXSourcesBuildPhase section */

/* Begin XCBuildConfiguration section */
		116A227D2AF9340400439668 /* Debug */ = {
			isa = XCBuildConfiguration;
			buildSettings = {
				ALWAYS_SEARCH_USER_PATHS = NO;
				ASSETCATALOG_COMPILER_GENERATE_SWIFT_ASSET_SYMBOL_EXTENSIONS = YES;
				CLANG_ANALYZER_NONNULL = YES;
				CLANG_ANALYZER_NUMBER_OBJECT_CONVERSION = YES_AGGRESSIVE;
				CLANG_CXX_LANGUAGE_STANDARD = "gnu++20";
				CLANG_ENABLE_MODULES = YES;
				CLANG_ENABLE_OBJC_ARC = YES;
				CLANG_ENABLE_OBJC_WEAK = YES;
				CLANG_WARN_BLOCK_CAPTURE_AUTORELEASING = YES;
				CLANG_WARN_BOOL_CONVERSION = YES;
				CLANG_WARN_COMMA = YES;
				CLANG_WARN_CONSTANT_CONVERSION = YES;
				CLANG_WARN_DEPRECATED_OBJC_IMPLEMENTATIONS = YES;
				CLANG_WARN_DIRECT_OBJC_ISA_USAGE = YES_ERROR;
				CLANG_WARN_DOCUMENTATION_COMMENTS = YES;
				CLANG_WARN_EMPTY_BODY = YES;
				CLANG_WARN_ENUM_CONVERSION = YES;
				CLANG_WARN_INFINITE_RECURSION = YES;
				CLANG_WARN_INT_CONVERSION = YES;
				CLANG_WARN_NON_LITERAL_NULL_CONVERSION = YES;
				CLANG_WARN_OBJC_IMPLICIT_RETAIN_SELF = YES;
				CLANG_WARN_OBJC_LITERAL_CONVERSION = YES;
				CLANG_WARN_OBJC_ROOT_CLASS = YES_ERROR;
				CLANG_WARN_QUOTED_INCLUDE_IN_FRAMEWORK_HEADER = YES;
				CLANG_WARN_RANGE_LOOP_ANALYSIS = YES;
				CLANG_WARN_STRICT_PROTOTYPES = YES;
				CLANG_WARN_SUSPICIOUS_MOVE = YES;
				CLANG_WARN_UNGUARDED_AVAILABILITY = YES_AGGRESSIVE;
				CLANG_WARN_UNREACHABLE_CODE = YES;
				CLANG_WARN__DUPLICATE_METHOD_MATCH = YES;
				COPY_PHASE_STRIP = NO;
				DEBUG_INFORMATION_FORMAT = dwarf;
				ENABLE_STRICT_OBJC_MSGSEND = YES;
				ENABLE_TESTABILITY = YES;
				ENABLE_USER_SCRIPT_SANDBOXING = YES;
				GCC_C_LANGUAGE_STANDARD = gnu17;
				GCC_DYNAMIC_NO_PIC = NO;
				GCC_NO_COMMON_BLOCKS = YES;
				GCC_OPTIMIZATION_LEVEL = 0;
				GCC_PREPROCESSOR_DEFINITIONS = (
					"DEBUG=1",
					"$(inherited)",
				);
				GCC_WARN_64_TO_32_BIT_CONVERSION = YES;
				GCC_WARN_ABOUT_RETURN_TYPE = YES_ERROR;
				GCC_WARN_UNDECLARED_SELECTOR = YES;
				GCC_WARN_UNINITIALIZED_AUTOS = YES_AGGRESSIVE;
				GCC_WARN_UNUSED_FUNCTION = YES;
				GCC_WARN_UNUSED_VARIABLE = YES;
				IPHONEOS_DEPLOYMENT_TARGET = 17.0;
				LOCALIZATION_PREFERS_STRING_CATALOGS = YES;
				MTL_ENABLE_DEBUG_INFO = INCLUDE_SOURCE;
				MTL_FAST_MATH = YES;
				ONLY_ACTIVE_ARCH = YES;
				SDKROOT = iphoneos;
				SWIFT_ACTIVE_COMPILATION_CONDITIONS = "DEBUG $(inherited)";
				SWIFT_OPTIMIZATION_LEVEL = "-Onone";
			};
			name = Debug;
		};
		116A227E2AF9340400439668 /* Release */ = {
			isa = XCBuildConfiguration;
			buildSettings = {
				ALWAYS_SEARCH_USER_PATHS = NO;
				ASSETCATALOG_COMPILER_GENERATE_SWIFT_ASSET_SYMBOL_EXTENSIONS = YES;
				CLANG_ANALYZER_NONNULL = YES;
				CLANG_ANALYZER_NUMBER_OBJECT_CONVERSION = YES_AGGRESSIVE;
				CLANG_CXX_LANGUAGE_STANDARD = "gnu++20";
				CLANG_ENABLE_MODULES = YES;
				CLANG_ENABLE_OBJC_ARC = YES;
				CLANG_ENABLE_OBJC_WEAK = YES;
				CLANG_WARN_BLOCK_CAPTURE_AUTORELEASING = YES;
				CLANG_WARN_BOOL_CONVERSION = YES;
				CLANG_WARN_COMMA = YES;
				CLANG_WARN_CONSTANT_CONVERSION = YES;
				CLANG_WARN_DEPRECATED_OBJC_IMPLEMENTATIONS = YES;
				CLANG_WARN_DIRECT_OBJC_ISA_USAGE = YES_ERROR;
				CLANG_WARN_DOCUMENTATION_COMMENTS = YES;
				CLANG_WARN_EMPTY_BODY = YES;
				CLANG_WARN_ENUM_CONVERSION = YES;
				CLANG_WARN_INFINITE_RECURSION = YES;
				CLANG_WARN_INT_CONVERSION = YES;
				CLANG_WARN_NON_LITERAL_NULL_CONVERSION = YES;
				CLANG_WARN_OBJC_IMPLICIT_RETAIN_SELF = YES;
				CLANG_WARN_OBJC_LITERAL_CONVERSION = YES;
				CLANG_WARN_OBJC_ROOT_CLASS = YES_ERROR;
				CLANG_WARN_QUOTED_INCLUDE_IN_FRAMEWORK_HEADER = YES;
				CLANG_WARN_RANGE_LOOP_ANALYSIS = YES;
				CLANG_WARN_STRICT_PROTOTYPES = YES;
				CLANG_WARN_SUSPICIOUS_MOVE = YES;
				CLANG_WARN_UNGUARDED_AVAILABILITY = YES_AGGRESSIVE;
				CLANG_WARN_UNREACHABLE_CODE = YES;
				CLANG_WARN__DUPLICATE_METHOD_MATCH = YES;
				COPY_PHASE_STRIP = NO;
				DEBUG_INFORMATION_FORMAT = "dwarf-with-dsym";
				ENABLE_NS_ASSERTIONS = NO;
				ENABLE_STRICT_OBJC_MSGSEND = YES;
				ENABLE_USER_SCRIPT_SANDBOXING = YES;
				GCC_C_LANGUAGE_STANDARD = gnu17;
				GCC_NO_COMMON_BLOCKS = YES;
				GCC_WARN_64_TO_32_BIT_CONVERSION = YES;
				GCC_WARN_ABOUT_RETURN_TYPE = YES_ERROR;
				GCC_WARN_UNDECLARED_SELECTOR = YES;
				GCC_WARN_UNINITIALIZED_AUTOS = YES_AGGRESSIVE;
				GCC_WARN_UNUSED_FUNCTION = YES;
				GCC_WARN_UNUSED_VARIABLE = YES;
				IPHONEOS_DEPLOYMENT_TARGET = 17.0;
				LOCALIZATION_PREFERS_STRING_CATALOGS = YES;
				MTL_ENABLE_DEBUG_INFO = NO;
				MTL_FAST_MATH = YES;
				SDKROOT = iphoneos;
				SWIFT_COMPILATION_MODE = wholemodule;
				VALIDATE_PRODUCT = YES;
			};
			name = Release;
		};
		116A22802AF9340400439668 /* Debug */ = {
			isa = XCBuildConfiguration;
			buildSettings = {
				ASSETCATALOG_COMPILER_APPICON_NAME = AppIcon;
				ASSETCATALOG_COMPILER_GLOBAL_ACCENT_COLOR_NAME = AccentColor;
				CODE_SIGN_STYLE = Automatic;
				CURRENT_PROJECT_VERSION = 1;
				DEVELOPMENT_ASSET_PATHS = "\"CrimeFilesApp/Preview Content\"";
				DEVELOPMENT_TEAM = JXRD2AKBWK;
				ENABLE_PREVIEWS = YES;
				GENERATE_INFOPLIST_FILE = YES;
				INFOPLIST_KEY_UIApplicationSceneManifest_Generation = YES;
				INFOPLIST_KEY_UIApplicationSupportsIndirectInputEvents = YES;
				INFOPLIST_KEY_UILaunchScreen_Generation = YES;
				INFOPLIST_KEY_UISupportedInterfaceOrientations = UIInterfaceOrientationPortrait;
				INFOPLIST_KEY_UISupportedInterfaceOrientations_iPad = "UIInterfaceOrientationLandscapeLeft UIInterfaceOrientationLandscapeRight UIInterfaceOrientationPortrait UIInterfaceOrientationPortraitUpsideDown";
				LD_RUNPATH_SEARCH_PATHS = (
					"$(inherited)",
					"@executable_path/Frameworks",
				);
				MARKETING_VERSION = 1.0;
				PRODUCT_BUNDLE_IDENTIFIER = polochanin.alexander.CrimeFilesApp;
				PRODUCT_NAME = "$(TARGET_NAME)";
				SUPPORTED_PLATFORMS = "iphoneos iphonesimulator";
				SUPPORTS_MACCATALYST = NO;
				SUPPORTS_MAC_DESIGNED_FOR_IPHONE_IPAD = NO;
				SWIFT_EMIT_LOC_STRINGS = YES;
				SWIFT_VERSION = 5.0;
				TARGETED_DEVICE_FAMILY = 1;
			};
			name = Debug;
		};
		116A22812AF9340400439668 /* Release */ = {
			isa = XCBuildConfiguration;
			buildSettings = {
				ASSETCATALOG_COMPILER_APPICON_NAME = AppIcon;
				ASSETCATALOG_COMPILER_GLOBAL_ACCENT_COLOR_NAME = AccentColor;
				CODE_SIGN_STYLE = Automatic;
				CURRENT_PROJECT_VERSION = 1;
				DEVELOPMENT_ASSET_PATHS = "\"CrimeFilesApp/Preview Content\"";
				DEVELOPMENT_TEAM = JXRD2AKBWK;
				ENABLE_PREVIEWS = YES;
				GENERATE_INFOPLIST_FILE = YES;
				INFOPLIST_KEY_UIApplicationSceneManifest_Generation = YES;
				INFOPLIST_KEY_UIApplicationSupportsIndirectInputEvents = YES;
				INFOPLIST_KEY_UILaunchScreen_Generation = YES;
				INFOPLIST_KEY_UISupportedInterfaceOrientations = UIInterfaceOrientationPortrait;
				INFOPLIST_KEY_UISupportedInterfaceOrientations_iPad = "UIInterfaceOrientationLandscapeLeft UIInterfaceOrientationLandscapeRight UIInterfaceOrientationPortrait UIInterfaceOrientationPortraitUpsideDown";
				LD_RUNPATH_SEARCH_PATHS = (
					"$(inherited)",
					"@executable_path/Frameworks",
				);
				MARKETING_VERSION = 1.0;
				PRODUCT_BUNDLE_IDENTIFIER = polochanin.alexander.CrimeFilesApp;
				PRODUCT_NAME = "$(TARGET_NAME)";
				SUPPORTED_PLATFORMS = "iphoneos iphonesimulator";
				SUPPORTS_MACCATALYST = NO;
				SUPPORTS_MAC_DESIGNED_FOR_IPHONE_IPAD = NO;
				SWIFT_EMIT_LOC_STRINGS = YES;
				SWIFT_VERSION = 5.0;
				TARGETED_DEVICE_FAMILY = 1;
			};
			name = Release;
		};
/* End XCBuildConfiguration section */

/* Begin XCConfigurationList section */
		116A226C2AF9340300439668 /* Build configuration list for PBXProject "CrimeFilesApp" */ = {
			isa = XCConfigurationList;
			buildConfigurations = (
				116A227D2AF9340400439668 /* Debug */,
				116A227E2AF9340400439668 /* Release */,
			);
			defaultConfigurationIsVisible = 0;
			defaultConfigurationName = Release;
		};
		116A227F2AF9340400439668 /* Build configuration list for PBXNativeTarget "CrimeFilesApp" */ = {
			isa = XCConfigurationList;
			buildConfigurations = (
				116A22802AF9340400439668 /* Debug */,
				116A22812AF9340400439668 /* Release */,
			);
			defaultConfigurationIsVisible = 0;
			defaultConfigurationName = Release;
		};
/* End XCConfigurationList section */
	};
	rootObject = 116A22692AF9340300439668 /* Project object */;
}
